<?xml version="1.0" encoding="utf-8"?>
<Project ToolsVersion="4.0" xmlns:atg="http://atg.xbox.com" xmlns="http://schemas.microsoft.com/developer/msbuild/2003">
  <ItemGroup>
    <Filter Include="Resource Files">
      <UniqueIdentifier>{8e114980-c1a3-4ada-ad7c-83caadf5daeb}</UniqueIdentifier>
      <Extensions>rc;ico;cur;bmp;dlg;rc2;rct;bin;rgs;gif;jpg;jpeg;jpe</Extensions>
    </Filter>
    <Filter Include="DXUT">
      <UniqueIdentifier>{a43c5c25-0e86-4a20-b64a-883785ff74fd}</UniqueIdentifier>
    </Filter>
    <Filter Include="Shaders">
      <UniqueIdentifier>{2c3d4c8c-5d1a-459a-a05a-a4e4b608a44e}</UniqueIdentifier>
      <Extensions>fx;fxh;hlsl</Extensions>
    </Filter>
    <Filter Include="Engine">
      <UniqueIdentifier>{cda816d8-f24c-416c-abdc-3eda9001db1a}</UniqueIdentifier>
    </Filter>
    <Filter Include="Engine\Asset">
      <UniqueIdentifier>{d50b3b10-4f82-4708-aa92-82f583bd78d3}</UniqueIdentifier>
    </Filter>
    <Filter Include="Engine\World">
      <UniqueIdentifier>{81bcb168-6e83-4c1d-9437-58e203a8f2ed}</UniqueIdentifier>
    </Filter>
    <Filter Include="Engine\Texture">
      <UniqueIdentifier>{bb85e512-0549-4483-a1e6-ba7b1f36a264}</UniqueIdentifier>
    </Filter>
    <Filter Include="Engine\Sprite">
      <UniqueIdentifier>{9eec3b6b-f2d0-470a-adc0-5f23844398d6}</UniqueIdentifier>
    </Filter>
    <Filter Include="Engine\Entity">
      <UniqueIdentifier>{107d8f98-0abd-45d8-865b-c6b035d42fd9}</UniqueIdentifier>
    </Filter>
    <Filter Include="Engine\Animation">
      <UniqueIdentifier>{e92b8bb3-0599-4d0a-b262-66041fcbfd07}</UniqueIdentifier>
    </Filter>
    <Filter Include="Engine\Emitter">
      <UniqueIdentifier>{f257321d-7cc4-4c3f-8c30-0b6aa87e41a7}</UniqueIdentifier>
    </Filter>
    <Filter Include="Game">
      <UniqueIdentifier>{6a272c80-08ac-4001-af49-6bbb337f0baa}</UniqueIdentifier>
    </Filter>
    <Filter Include="Engine\Text">
      <UniqueIdentifier>{fabac2b4-f0bd-4d5d-b572-0c7fef66f8e5}</UniqueIdentifier>
    </Filter>
    <Filter Include="Engine\Scene">
      <UniqueIdentifier>{8a4a862d-2456-42fe-8443-db636577cea2}</UniqueIdentifier>
    </Filter>
    <Filter Include="Engine\Timer">
      <UniqueIdentifier>{f0f7dd54-fe7f-4968-9ee8-57b57c5e2ecf}</UniqueIdentifier>
    </Filter>
    <Filter Include="Game\Entities">
      <UniqueIdentifier>{540d2572-1d1c-4d7b-a861-54229c8e72fe}</UniqueIdentifier>
    </Filter>
    <Filter Include="Game\Scenes">
      <UniqueIdentifier>{a097fa1e-a792-4a3b-b4ed-6ba9c80852a3}</UniqueIdentifier>
    </Filter>
    <Filter Include="Game\Scenes\GameScene">
      <UniqueIdentifier>{eeb0d7c5-9e5f-4769-9b47-2a1a97214069}</UniqueIdentifier>
    </Filter>
    <Filter Include="Game\Entities\Unit">
      <UniqueIdentifier>{d97ee585-e112-4c5e-aa98-94c741819543}</UniqueIdentifier>
    </Filter>
    <Filter Include="Game\Entities\SkillState">
      <UniqueIdentifier>{5c6654ad-60cf-4219-a18d-ff4d2f8d7982}</UniqueIdentifier>
    </Filter>
    <Filter Include="Game\Entities\Object">
      <UniqueIdentifier>{7b824e3b-7852-4b79-a384-cd0df29b0099}</UniqueIdentifier>
    </Filter>
    <Filter Include="Game\Entities\Object\BoxObject">
      <UniqueIdentifier>{ac1d6ed4-f582-483a-8f63-5b49752125a6}</UniqueIdentifier>
    </Filter>
    <Filter Include="Game\Entities\Object\CircleObject">
      <UniqueIdentifier>{661efb88-c1dc-4b98-8581-c746b64b6f16}</UniqueIdentifier>
    </Filter>
    <Filter Include="Game\Entities\Item">
      <UniqueIdentifier>{218753de-3e5b-45ed-8381-f88e85aab78a}</UniqueIdentifier>
    </Filter>
    <Filter Include="Game\Entities\Clip">
      <UniqueIdentifier>{8cb53ca3-b071-4e31-b339-4f1305b3e54a}</UniqueIdentifier>
    </Filter>
    <Filter Include="Game\Entities\UnitState">
      <UniqueIdentifier>{7a27d7c5-0784-435e-a52b-bbd882441011}</UniqueIdentifier>
    </Filter>
    <Filter Include="Game\Entities\GameManager">
      <UniqueIdentifier>{10799112-17dc-4a6a-a636-68dc7ec506ea}</UniqueIdentifier>
    </Filter>
    <Filter Include="Game\Entities\Bullet">
      <UniqueIdentifier>{239e9b7f-351f-4ef6-bc7d-0d362cb42563}</UniqueIdentifier>
    </Filter>
  </ItemGroup>
  <ItemGroup>
    <None Include="DXUT\Optional\directx.ico">
      <Filter>Resource Files</Filter>
    </None>
    <ClInclude Include="DXUT\Core\DXUT.h">
      <Filter>DXUT</Filter>
    </ClInclude>
    <ClInclude Include="DXUT\Core\DXUTenum.h">
      <Filter>DXUT</Filter>
    </ClInclude>
    <ClInclude Include="DXUT\Core\DXUTmisc.h">
      <Filter>DXUT</Filter>
    </ClInclude>
    <ClCompile Include="DXUT\Core\DXUT.cpp">
      <Filter>DXUT</Filter>
    </ClCompile>
    <ClCompile Include="DXUT\Core\DXUTenum.cpp">
      <Filter>DXUT</Filter>
    </ClCompile>
    <ClCompile Include="DXUT\Core\DXUTmisc.cpp">
      <Filter>DXUT</Filter>
    </ClCompile>
    <ClInclude Include="DXUT\Optional\DXUTcamera.h">
      <Filter>DXUT</Filter>
    </ClInclude>
    <ClInclude Include="DXUT\Optional\DXUTgui.h">
      <Filter>DXUT</Filter>
    </ClInclude>
    <ClInclude Include="DXUT\Optional\DXUTres.h">
      <Filter>DXUT</Filter>
    </ClInclude>
    <ClInclude Include="DXUT\Optional\DXUTsettingsdlg.h">
      <Filter>DXUT</Filter>
    </ClInclude>
    <ClInclude Include="DXUT\Optional\SDKmesh.h">
      <Filter>DXUT</Filter>
    </ClInclude>
    <ClInclude Include="DXUT\Optional\SDKmisc.h">
      <Filter>DXUT</Filter>
    </ClInclude>
    <ClCompile Include="DXUT\Optional\DXUTcamera.cpp">
      <Filter>DXUT</Filter>
    </ClCompile>
    <ClCompile Include="DXUT\Optional\DXUTgui.cpp">
      <Filter>DXUT</Filter>
    </ClCompile>
    <ClCompile Include="DXUT\Optional\DXUTres.cpp">
      <Filter>DXUT</Filter>
    </ClCompile>
    <ClCompile Include="DXUT\Optional\DXUTsettingsdlg.cpp">
      <Filter>DXUT</Filter>
    </ClCompile>
    <ClCompile Include="DXUT\Optional\SDKmesh.cpp">
      <Filter>DXUT</Filter>
    </ClCompile>
    <ClCompile Include="DXUT\Optional\SDKmisc.cpp">
      <Filter>DXUT</Filter>
    </ClCompile>
  </ItemGroup>
  <ItemGroup>
    <ClCompile Include="Asset.cpp">
      <Filter>Engine\Asset</Filter>
    </ClCompile>
    <ClCompile Include="Texture.cpp">
      <Filter>Engine\Texture</Filter>
    </ClCompile>
    <ClCompile Include="World.cpp">
      <Filter>Engine\World</Filter>
    </ClCompile>
    <ClCompile Include="Entity.cpp">
      <Filter>Engine\Entity</Filter>
    </ClCompile>
    <ClCompile Include="Sprite.cpp">
      <Filter>Engine\Sprite</Filter>
    </ClCompile>
    <ClCompile Include="Animation.cpp">
      <Filter>Engine\Animation</Filter>
    </ClCompile>
    <ClCompile Include="Emitter.cpp">
      <Filter>Engine\Emitter</Filter>
    </ClCompile>
    <ClCompile Include="main.cpp">
      <Filter>Engine</Filter>
    </ClCompile>
    <ClCompile Include="Text.cpp">
      <Filter>Engine\Text</Filter>
    </ClCompile>
    <ClCompile Include="DXUT\Optional\SDKsound.cpp">
      <Filter>DXUT</Filter>
    </ClCompile>
    <ClCompile Include="DXUT\Optional\SDKwavefile.cpp">
      <Filter>DXUT</Filter>
    </ClCompile>
    <ClCompile Include="Scene.cpp">
      <Filter>Engine\Scene</Filter>
    </ClCompile>
    <ClCompile Include="Timer.cpp">
      <Filter>Engine\Timer</Filter>
    </ClCompile>
    <ClCompile Include="GameScene.cpp">
      <Filter>Game\Scenes\GameScene</Filter>
    </ClCompile>
    <ClCompile Include="Unit.cpp">
      <Filter>Game\Entities\Unit</Filter>
    </ClCompile>
    <ClCompile Include="SkillState.cpp">
      <Filter>Game\Entities\SkillState</Filter>
    </ClCompile>
    <ClCompile Include="BoxObject.cpp">
      <Filter>Game\Entities\Object\BoxObject</Filter>
    </ClCompile>
    <ClCompile Include="Item.cpp">
      <Filter>Game\Entities\Item</Filter>
    </ClCompile>
    <ClCompile Include="CircleObject.cpp">
      <Filter>Game\Entities\Object\CircleObject</Filter>
    </ClCompile>
    <ClCompile Include="Clip.cpp">
      <Filter>Game\Entities\Clip</Filter>
    </ClCompile>
    <ClCompile Include="UnitState.cpp">
      <Filter>Game\Entities\UnitState</Filter>
    </ClCompile>
    <ClCompile Include="Bullet.cpp" />
  </ItemGroup>
  <ItemGroup>
    <ClInclude Include="Asset.h">
      <Filter>Engine\Asset</Filter>
    </ClInclude>
    <ClInclude Include="Texture.h">
      <Filter>Engine\Texture</Filter>
    </ClInclude>
    <ClInclude Include="World.h">
      <Filter>Engine\World</Filter>
    </ClInclude>
    <ClInclude Include="Entity.h">
      <Filter>Engine\Entity</Filter>
    </ClInclude>
    <ClInclude Include="Sprite.h">
      <Filter>Engine\Sprite</Filter>
    </ClInclude>
    <ClInclude Include="Animation.h">
      <Filter>Engine\Animation</Filter>
    </ClInclude>
    <ClInclude Include="Emitter.h">
      <Filter>Engine\Emitter</Filter>
    </ClInclude>
    <ClInclude Include="Define.h">
      <Filter>Engine</Filter>
    </ClInclude>
    <ClInclude Include="Text.h">
      <Filter>Engine\Text</Filter>
    </ClInclude>
    <ClInclude Include="DXUT\Optional\SDKsound.h">
      <Filter>DXUT</Filter>
    </ClInclude>
    <ClInclude Include="DXUT\Optional\SDKwavefile.h">
      <Filter>DXUT</Filter>
    </ClInclude>
    <ClInclude Include="Scene.h">
      <Filter>Engine\Scene</Filter>
    </ClInclude>
    <ClInclude Include="Timer.h">
      <Filter>Engine\Timer</Filter>
    </ClInclude>
    <ClInclude Include="GameScene.h">
      <Filter>Game\Scenes\GameScene</Filter>
    </ClInclude>
    <ClInclude Include="Unit.h">
      <Filter>Game\Entities\Unit</Filter>
    </ClInclude>
    <ClInclude Include="SkillState.h">
      <Filter>Game\Entities\SkillState</Filter>
    </ClInclude>
    <ClInclude Include="BoxObject.h">
      <Filter>Game\Entities\Object\BoxObject</Filter>
    </ClInclude>
    <ClInclude Include="Item.h">
      <Filter>Game\Entities\Item</Filter>
    </ClInclude>
    <ClInclude Include="CircleObject.h">
      <Filter>Game\Entities\Object\CircleObject</Filter>
    </ClInclude>
    <ClInclude Include="Clip.h">
      <Filter>Game\Entities\Clip</Filter>
    </ClInclude>
    <ClInclude Include="UnitState.h">
      <Filter>Game\Entities\UnitState</Filter>
    </ClInclude>
    <ClInclude Include="Bullet.h" />
  </ItemGroup>
  <ItemGroup>
    <CLInclude Include="resource.h">
      <Filter>Resource Files</Filter>
    </CLInclude>
    <ResourceCompile Include="Engine Final.rc">
      <Filter>Resource Files</Filter>
    </ResourceCompile>
  </ItemGroup>
  <ItemGroup>
  </ItemGroup>
</Project>